
Microsoft Visual Studio Solution File, Format Version 12.00
Project("{FAE04EC0-301F-11D3-BF4B-00C04F79EFBC}") = "Tasks", "Tasks\Tasks.csproj", "{17417D2C-6198-45D3-9375-5D13D7B1224A}"
EndProject
Project("{FAE04EC0-301F-11D3-BF4B-00C04F79EFBC}") = "UnitTest", "UnitTest\UnitTest.csproj", "{F4B14A77-9196-46A0-A308-8C999A04675F}"
EndProject
Global
	GlobalSection(SolutionConfigurationPlatforms) = preSolution
		Debug|Any CPU = Debug|Any CPU
		Release|Any CPU = Release|Any CPU
	EndGlobalSection
	GlobalSection(ProjectConfigurationPlatforms) = postSolution
		{17417D2C-6198-45D3-9375-5D13D7B1224A}.Debug|Any CPU.ActiveCfg = Debug|Any CPU
		{17417D2C-6198-45D3-9375-5D13D7B1224A}.Debug|Any CPU.Build.0 = Debug|Any CPU
		{17417D2C-6198-45D3-9375-5D13D7B1224A}.Release|Any CPU.ActiveCfg = Release|Any CPU
		{17417D2C-6198-45D3-9375-5D13D7B1224A}.Release|Any CPU.Build.0 = Release|Any CPU
		{F4B14A77-9196-46A0-A308-8C999A04675F}.Debug|Any CPU.ActiveCfg = Debug|Any CPU
		{F4B14A77-9196-46A0-A308-8C999A04675F}.Debug|Any CPU.Build.0 = Debug|Any CPU
		{F4B14A77-9196-46A0-A308-8C999A04675F}.Release|Any CPU.ActiveCfg = Release|Any CPU
		{F4B14A77-9196-46A0-A308-8C999A04675F}.Release|Any CPU.Build.0 = Release|Any CPU
	EndGlobalSection
EndGlobal
